
Microsoft Visual Studio Solution File, Format Version 12.00
# Visual Studio Version 16
VisualStudioVersion = 16.0.30523.141
MinimumVisualStudioVersion = 10.0.40219.1
Project("{FAE04EC0-301F-11D3-BF4B-00C04F79EFBC}") = "MoviesEF", "MoviesEF\MoviesEF.csproj", "{86B1B387-11E2-4009-9D0B-439A051F23AB}"
EndProject
Global
	GlobalSection(SolutionConfigurationPlatforms) = preSolution
		Debug|Any CPU = Debug|Any CPU
		Release|Any CPU = Release|Any CPU
	EndGlobalSection
	GlobalSection(ProjectConfigurationPlatforms) = postSolution
		{86B1B387-11E2-4009-9D0B-439A051F23AB}.Debug|Any CPU.ActiveCfg = Debug|Any CPU
		{86B1B387-11E2-4009-9D0B-439A051F23AB}.Debug|Any CPU.Build.0 = Debug|Any CPU
		{86B1B387-11E2-4009-9D0B-439A051F23AB}.Release|Any CPU.ActiveCfg = Release|Any CPU
		{86B1B387-11E2-4009-9D0B-439A051F23AB}.Release|Any CPU.Build.0 = Release|Any CPU
	EndGlobalSection
	GlobalSection(SolutionProperties) = preSolution
		HideSolutionNode = FALSE
	EndGlobalSection
	GlobalSection(ExtensibilityGlobals) = postSolution
		SolutionGuid = {B0BAE80D-EB07-4583-BBBF-20604307EF01}
	EndGlobalSection
EndGlobal
